
Microsoft Visual Studio Solution File, Format Version 12.00
# Visual Studio Version 17
VisualStudioVersion = 17.11.35303.130
MinimumVisualStudioVersion = 10.0.40219.1
Project("{FAE04EC0-301F-11D3-BF4B-00C04F79EFBC}") = "GroupProject", "GroupProject\GroupProject.csproj", "{EC44E4ED-29E3-4705-B61D-AE5082D8FF7F}"
EndProject
Global
	GlobalSection(SolutionConfigurationPlatforms) = preSolution
		Debug|Any CPU = Debug|Any CPU
		Release|Any CPU = Release|Any CPU
	EndGlobalSection
	GlobalSection(ProjectConfigurationPlatforms) = postSolution
		{EC44E4ED-29E3-4705-B61D-AE5082D8FF7F}.Debug|Any CPU.ActiveCfg = Debug|Any CPU
		{EC44E4ED-29E3-4705-B61D-AE5082D8FF7F}.Debug|Any CPU.Build.0 = Debug|Any CPU
		{EC44E4ED-29E3-4705-B61D-AE5082D8FF7F}.Release|Any CPU.ActiveCfg = Release|Any CPU
		{EC44E4ED-29E3-4705-B61D-AE5082D8FF7F}.Release|Any CPU.Build.0 = Release|Any CPU
	EndGlobalSection
	GlobalSection(SolutionProperties) = preSolution
		HideSolutionNode = FALSE
	EndGlobalSection
	GlobalSection(ExtensibilityGlobals) = postSolution
		SolutionGuid = {63619DD2-9736-45D8-8E68-A25B758F8E58}
	EndGlobalSection
EndGlobal
